
Microsoft Visual Studio Solution File, Format Version 12.00
# Visual Studio Version 17
VisualStudioVersion = 17.5.002.0
MinimumVisualStudioVersion = 10.0.40219.1
Project("{9A19103F-16F7-4668-BE54-9A1E7A4F7556}") = "Arsenals.Domains", "Arsenals.Domains\Arsenals.Domains.csproj", "{DD7D1F48-2214-4168-9E96-595AC9298A00}"
EndProject
Project("{FAE04EC0-301F-11D3-BF4B-00C04F79EFBC}") = "Arsenals.ApplicationServices", "Arsenals.ApplicationServices\Arsenals.ApplicationServices.csproj", "{7045581C-A6AA-4EA9-BB7D-A315054B0EC5}"
EndProject
Project("{FAE04EC0-301F-11D3-BF4B-00C04F79EFBC}") = "Arsenals.ApplicationServices.Tests", "Arsenals.ApplicationServices.Tests\Arsenals.ApplicationServices.Tests.csproj", "{7C5C0DA4-2939-4C9C-9748-4B41097CCD3F}"
EndProject
Project("{FAE04EC0-301F-11D3-BF4B-00C04F79EFBC}") = "Arsenals.Infrastructure.FileStorage", "Arsenals.Infrastructure.FileStorage\Arsenals.Infrastructure.FileStorage.csproj", "{19DC4259-8237-463E-BE6A-BCE46DCAC414}"
EndProject
Project("{FAE04EC0-301F-11D3-BF4B-00C04F79EFBC}") = "Arsenals.WebApi", "Arsenals.WebApi\Arsenals.WebApi.csproj", "{66972A16-9AEB-4064-BF94-B0CF4B77285B}"
EndProject
Global
	GlobalSection(SolutionConfigurationPlatforms) = preSolution
		Debug|Any CPU = Debug|Any CPU
		Release|Any CPU = Release|Any CPU
	EndGlobalSection
	GlobalSection(ProjectConfigurationPlatforms) = postSolution
		{DD7D1F48-2214-4168-9E96-595AC9298A00}.Debug|Any CPU.ActiveCfg = Debug|Any CPU
		{DD7D1F48-2214-4168-9E96-595AC9298A00}.Debug|Any CPU.Build.0 = Debug|Any CPU
		{DD7D1F48-2214-4168-9E96-595AC9298A00}.Release|Any CPU.ActiveCfg = Release|Any CPU
		{DD7D1F48-2214-4168-9E96-595AC9298A00}.Release|Any CPU.Build.0 = Release|Any CPU
		{7045581C-A6AA-4EA9-BB7D-A315054B0EC5}.Debug|Any CPU.ActiveCfg = Debug|Any CPU
		{7045581C-A6AA-4EA9-BB7D-A315054B0EC5}.Debug|Any CPU.Build.0 = Debug|Any CPU
		{7045581C-A6AA-4EA9-BB7D-A315054B0EC5}.Release|Any CPU.ActiveCfg = Release|Any CPU
		{7045581C-A6AA-4EA9-BB7D-A315054B0EC5}.Release|Any CPU.Build.0 = Release|Any CPU
		{7C5C0DA4-2939-4C9C-9748-4B41097CCD3F}.Debug|Any CPU.ActiveCfg = Debug|Any CPU
		{7C5C0DA4-2939-4C9C-9748-4B41097CCD3F}.Debug|Any CPU.Build.0 = Debug|Any CPU
		{7C5C0DA4-2939-4C9C-9748-4B41097CCD3F}.Release|Any CPU.ActiveCfg = Release|Any CPU
		{7C5C0DA4-2939-4C9C-9748-4B41097CCD3F}.Release|Any CPU.Build.0 = Release|Any CPU
		{19DC4259-8237-463E-BE6A-BCE46DCAC414}.Debug|Any CPU.ActiveCfg = Debug|Any CPU
		{19DC4259-8237-463E-BE6A-BCE46DCAC414}.Debug|Any CPU.Build.0 = Debug|Any CPU
		{19DC4259-8237-463E-BE6A-BCE46DCAC414}.Release|Any CPU.ActiveCfg = Release|Any CPU
		{19DC4259-8237-463E-BE6A-BCE46DCAC414}.Release|Any CPU.Build.0 = Release|Any CPU
		{66972A16-9AEB-4064-BF94-B0CF4B77285B}.Debug|Any CPU.ActiveCfg = Debug|Any CPU
		{66972A16-9AEB-4064-BF94-B0CF4B77285B}.Debug|Any CPU.Build.0 = Debug|Any CPU
		{66972A16-9AEB-4064-BF94-B0CF4B77285B}.Release|Any CPU.ActiveCfg = Release|Any CPU
		{66972A16-9AEB-4064-BF94-B0CF4B77285B}.Release|Any CPU.Build.0 = Release|Any CPU
	EndGlobalSection
	GlobalSection(SolutionProperties) = preSolution
		HideSolutionNode = FALSE
	EndGlobalSection
	GlobalSection(ExtensibilityGlobals) = postSolution
		SolutionGuid = {3D831CB6-22CB-49F2-A999-C022E9472352}
	EndGlobalSection
EndGlobal
